
Microsoft Visual Studio Solution File, Format Version 12.00
# Visual Studio Version 16
VisualStudioVersion = 16.0.35731.53
MinimumVisualStudioVersion = 10.0.40219.1
Project("{FAE04EC0-301F-11D3-BF4B-00C04F79EFBC}") = "Top10ReportProcess", "Top10ReportProcess\Top10ReportProcess.csproj", "{90FB91A0-3EC6-42AC-B033-E6F7B3B41FFA}"
EndProject
Global
	GlobalSection(SolutionConfigurationPlatforms) = preSolution
		Debug|Any CPU = Debug|Any CPU
		Release|Any CPU = Release|Any CPU
	EndGlobalSection
	GlobalSection(ProjectConfigurationPlatforms) = postSolution
		{90FB91A0-3EC6-42AC-B033-E6F7B3B41FFA}.Debug|Any CPU.ActiveCfg = Debug|Any CPU
		{90FB91A0-3EC6-42AC-B033-E6F7B3B41FFA}.Debug|Any CPU.Build.0 = Debug|Any CPU
		{90FB91A0-3EC6-42AC-B033-E6F7B3B41FFA}.Release|Any CPU.ActiveCfg = Release|Any CPU
		{90FB91A0-3EC6-42AC-B033-E6F7B3B41FFA}.Release|Any CPU.Build.0 = Release|Any CPU
	EndGlobalSection
	GlobalSection(SolutionProperties) = preSolution
		HideSolutionNode = FALSE
	EndGlobalSection
	GlobalSection(ExtensibilityGlobals) = postSolution
		SolutionGuid = {F3C73E64-A821-4360-9689-DD325E3B85C8}
	EndGlobalSection
EndGlobal
